
Microsoft Visual Studio Solution File, Format Version 12.00
# Visual Studio Version 17
VisualStudioVersion = 17.2.32602.215
MinimumVisualStudioVersion = 10.0.40219.1
Project("{FAE04EC0-301F-11D3-BF4B-00C04F79EFBC}") = "genztrend", "genztrend\genztrend.csproj", "{CEBD5715-A14B-4F21-8DD2-BA2A8C6B7543}"
EndProject
Global
	GlobalSection(SolutionConfigurationPlatforms) = preSolution
		Debug|Any CPU = Debug|Any CPU
		Release|Any CPU = Release|Any CPU
	EndGlobalSection
	GlobalSection(ProjectConfigurationPlatforms) = postSolution
		{CEBD5715-A14B-4F21-8DD2-BA2A8C6B7543}.Debug|Any CPU.ActiveCfg = Debug|Any CPU
		{CEBD5715-A14B-4F21-8DD2-BA2A8C6B7543}.Debug|Any CPU.Build.0 = Debug|Any CPU
		{CEBD5715-A14B-4F21-8DD2-BA2A8C6B7543}.Release|Any CPU.ActiveCfg = Release|Any CPU
		{CEBD5715-A14B-4F21-8DD2-BA2A8C6B7543}.Release|Any CPU.Build.0 = Release|Any CPU
	EndGlobalSection
	GlobalSection(SolutionProperties) = preSolution
		HideSolutionNode = FALSE
	EndGlobalSection
	GlobalSection(ExtensibilityGlobals) = postSolution
		SolutionGuid = {35B47789-E528-447D-ABAB-B73CC02962C0}
	EndGlobalSection
EndGlobal
